// !$*UTF8*$!
{
	archiveVersion = 1;
	classes = {
	};
	objectVersion = 56;
	objects = {

/* Begin PBXBuildFile section */
		3E4A44442A93334100030F4E /* TestView2.swift in Sources */ = {isa = PBXBuildFile; fileRef = 3E4A44432A93334000030F4E /* TestView2.swift */; };
		3E62628A2A8B59DD0038174C /* ListView.swift in Sources */ = {isa = PBXBuildFile; fileRef = 3E6262892A8B59DD0038174C /* ListView.swift */; };
		3E62628C2A8B75BF0038174C /* TransferView.swift in Sources */ = {isa = PBXBuildFile; fileRef = 3E62628B2A8B75BF0038174C /* TransferView.swift */; };
		3E62628E2A8B76430038174C /* TransferCompleteView.swift in Sources */ = {isa = PBXBuildFile; fileRef = 3E62628D2A8B76430038174C /* TransferCompleteView.swift */; };
		3E6262902A8B784C0038174C /* TransferModalArea.swift in Sources */ = {isa = PBXBuildFile; fileRef = 3E62628F2A8B784C0038174C /* TransferModalArea.swift */; };
		3E7E0F6C2A7FAB4C003C1869 /* KakaoBankApp.swift in Sources */ = {isa = PBXBuildFile; fileRef = 3E7E0F6B2A7FAB4C003C1869 /* KakaoBankApp.swift */; };
		3E7E0F6E2A7FAB4C003C1869 /* ContentView.swift in Sources */ = {isa = PBXBuildFile; fileRef = 3E7E0F6D2A7FAB4C003C1869 /* ContentView.swift */; };
		3E7E0F702A7FAB4D003C1869 /* Assets.xcassets in Resources */ = {isa = PBXBuildFile; fileRef = 3E7E0F6F2A7FAB4D003C1869 /* Assets.xcassets */; };
		3E7E0F732A7FAB4D003C1869 /* Preview Assets.xcassets in Resources */ = {isa = PBXBuildFile; fileRef = 3E7E0F722A7FAB4D003C1869 /* Preview Assets.xcassets */; };
		3E7E0F7D2A7FD700003C1869 /* TestView.swift in Sources */ = {isa = PBXBuildFile; fileRef = 3E7E0F7C2A7FD700003C1869 /* TestView.swift */; };
		3E954A002A87AA6300F3D9E0 /* MainView.swift in Sources */ = {isa = PBXBuildFile; fileRef = 3E9549FF2A87AA6300F3D9E0 /* MainView.swift */; };
		3E954A022A87AB5800F3D9E0 /* HeaderArea.swift in Sources */ = {isa = PBXBuildFile; fileRef = 3E954A012A87AB5800F3D9E0 /* HeaderArea.swift */; };
		3E954A052A87ABA800F3D9E0 /* UserModel.swift in Sources */ = {isa = PBXBuildFile; fileRef = 3E954A042A87ABA800F3D9E0 /* UserModel.swift */; };
		3E954A0B2A87ADCC00F3D9E0 /* ColorExtension.swift in Sources */ = {isa = PBXBuildFile; fileRef = 3E954A0A2A87ADCC00F3D9E0 /* ColorExtension.swift */; };
		3E954A0D2A87AF0400F3D9E0 /* FontExtension.swift in Sources */ = {isa = PBXBuildFile; fileRef = 3E954A0C2A87AF0400F3D9E0 /* FontExtension.swift */; };
		3E954A182A87AF5500F3D9E0 /* Pretendard-Black.otf in Resources */ = {isa = PBXBuildFile; fileRef = 3E954A0F2A87AF5400F3D9E0 /* Pretendard-Black.otf */; };
		3E954A192A87AF5500F3D9E0 /* Pretendard-ExtraLight.otf in Resources */ = {isa = PBXBuildFile; fileRef = 3E954A102A87AF5400F3D9E0 /* Pretendard-ExtraLight.otf */; };
		3E954A1A2A87AF5500F3D9E0 /* Pretendard-SemiBold.otf in Resources */ = {isa = PBXBuildFile; fileRef = 3E954A112A87AF5500F3D9E0 /* Pretendard-SemiBold.otf */; };
		3E954A1B2A87AF5500F3D9E0 /* Pretendard-Regular.otf in Resources */ = {isa = PBXBuildFile; fileRef = 3E954A122A87AF5500F3D9E0 /* Pretendard-Regular.otf */; };
		3E954A1C2A87AF5500F3D9E0 /* Pretendard-ExtraBold.otf in Resources */ = {isa = PBXBuildFile; fileRef = 3E954A132A87AF5500F3D9E0 /* Pretendard-ExtraBold.otf */; };
		3E954A1D2A87AF5500F3D9E0 /* Pretendard-Bold.otf in Resources */ = {isa = PBXBuildFile; fileRef = 3E954A142A87AF5500F3D9E0 /* Pretendard-Bold.otf */; };
		3E954A1E2A87AF5500F3D9E0 /* Pretendard-Medium.otf in Resources */ = {isa = PBXBuildFile; fileRef = 3E954A152A87AF5500F3D9E0 /* Pretendard-Medium.otf */; };
		3E954A1F2A87AF5500F3D9E0 /* Pretendard-Thin.otf in Resources */ = {isa = PBXBuildFile; fileRef = 3E954A162A87AF5500F3D9E0 /* Pretendard-Thin.otf */; };
		3E954A202A87AF5500F3D9E0 /* Pretendard-Light.otf in Resources */ = {isa = PBXBuildFile; fileRef = 3E954A172A87AF5500F3D9E0 /* Pretendard-Light.otf */; };
		3E954A232A87B5D000F3D9E0 /* BannerArea.swift in Sources */ = {isa = PBXBuildFile; fileRef = 3E954A222A87B5D000F3D9E0 /* BannerArea.swift */; };
		3E954A252A87B82700F3D9E0 /* PassbookArea.swift in Sources */ = {isa = PBXBuildFile; fileRef = 3E954A242A87B82700F3D9E0 /* PassbookArea.swift */; };
		3E954A272A87BFE800F3D9E0 /* BottomOptionArea.swift in Sources */ = {isa = PBXBuildFile; fileRef = 3E954A262A87BFE800F3D9E0 /* BottomOptionArea.swift */; };
		3E954A292A87C2C400F3D9E0 /* DetailView.swift in Sources */ = {isa = PBXBuildFile; fileRef = 3E954A282A87C2C400F3D9E0 /* DetailView.swift */; };
		3E954A2B2A87C67300F3D9E0 /* MyPassbookArea.swift in Sources */ = {isa = PBXBuildFile; fileRef = 3E954A2A2A87C67300F3D9E0 /* MyPassbookArea.swift */; };
		3E954A2D2A87C72B00F3D9E0 /* TransactionDetailArea.swift in Sources */ = {isa = PBXBuildFile; fileRef = 3E954A2C2A87C72B00F3D9E0 /* TransactionDetailArea.swift */; };
		3E954A302A87E48A00F3D9E0 /* LoanView.swift in Sources */ = {isa = PBXBuildFile; fileRef = 3E954A2F2A87E48A00F3D9E0 /* LoanView.swift */; };
		3E954A322A87E6BA00F3D9E0 /* InputArea.swift in Sources */ = {isa = PBXBuildFile; fileRef = 3E954A312A87E6BA00F3D9E0 /* InputArea.swift */; };
		3E954A342A87E6C500F3D9E0 /* BalanceArea.swift in Sources */ = {isa = PBXBuildFile; fileRef = 3E954A332A87E6C500F3D9E0 /* BalanceArea.swift */; };
		3E954A372A87E72800F3D9E0 /* ViewBuilder.swift in Sources */ = {isa = PBXBuildFile; fileRef = 3E954A362A87E72800F3D9E0 /* ViewBuilder.swift */; };
		3E954A392A87EE5000F3D9E0 /* numberKeyArea.swift in Sources */ = {isa = PBXBuildFile; fileRef = 3E954A382A87EE5000F3D9E0 /* numberKeyArea.swift */; };
		3EE4A7572AA02C1F008D93AF /* ViewExtensions.swift in Sources */ = {isa = PBXBuildFile; fileRef = 3EE4A7562AA02C1F008D93AF /* ViewExtensions.swift */; };
		3EE4A7592AA031D5008D93AF /* Extensions.swift in Sources */ = {isa = PBXBuildFile; fileRef = 3EE4A7582AA031D5008D93AF /* Extensions.swift */; };
		3EF0A0AE2A88DF270029F778 /* LoanModalArea.swift in Sources */ = {isa = PBXBuildFile; fileRef = 3EF0A0AD2A88DF270029F778 /* LoanModalArea.swift */; };
		3EF0A0B02A88FB480029F778 /* LoanCompleteView.swift in Sources */ = {isa = PBXBuildFile; fileRef = 3EF0A0AF2A88FB480029F778 /* LoanCompleteView.swift */; };
		3EF0A0B32A8956920029F778 /* UserViewModel.swift in Sources */ = {isa = PBXBuildFile; fileRef = 3EF0A0B22A8956920029F778 /* UserViewModel.swift */; };
		3EF0A0B52A895B120029F778 /* AccountModel.swift in Sources */ = {isa = PBXBuildFile; fileRef = 3EF0A0B42A895B120029F778 /* AccountModel.swift */; };
		3EF0A0B72A895BCD0029F778 /* AccountViewModel.swift in Sources */ = {isa = PBXBuildFile; fileRef = 3EF0A0B62A895BCD0029F778 /* AccountViewModel.swift */; };
/* End PBXBuildFile section */

/* Begin PBXFileReference section */
		3E4A44432A93334000030F4E /* TestView2.swift */ = {isa = PBXFileReference; lastKnownFileType = sourcecode.swift; path = TestView2.swift; sourceTree = "<group>"; };
		3E6262892A8B59DD0038174C /* ListView.swift */ = {isa = PBXFileReference; lastKnownFileType = sourcecode.swift; path = ListView.swift; sourceTree = "<group>"; };
		3E62628B2A8B75BF0038174C /* TransferView.swift */ = {isa = PBXFileReference; lastKnownFileType = sourcecode.swift; path = TransferView.swift; sourceTree = "<group>"; };
		3E62628D2A8B76430038174C /* TransferCompleteView.swift */ = {isa = PBXFileReference; lastKnownFileType = sourcecode.swift; path = TransferCompleteView.swift; sourceTree = "<group>"; };
		3E62628F2A8B784C0038174C /* TransferModalArea.swift */ = {isa = PBXFileReference; lastKnownFileType = sourcecode.swift; path = TransferModalArea.swift; sourceTree = "<group>"; };
		3E7E0F682A7FAB4C003C1869 /* KakaoBank.app */ = {isa = PBXFileReference; explicitFileType = wrapper.application; includeInIndex = 0; path = KakaoBank.app; sourceTree = BUILT_PRODUCTS_DIR; };
		3E7E0F6B2A7FAB4C003C1869 /* KakaoBankApp.swift */ = {isa = PBXFileReference; lastKnownFileType = sourcecode.swift; path = KakaoBankApp.swift; sourceTree = "<group>"; };
		3E7E0F6D2A7FAB4C003C1869 /* ContentView.swift */ = {isa = PBXFileReference; lastKnownFileType = sourcecode.swift; path = ContentView.swift; sourceTree = "<group>"; };
		3E7E0F6F2A7FAB4D003C1869 /* Assets.xcassets */ = {isa = PBXFileReference; lastKnownFileType = folder.assetcatalog; path = Assets.xcassets; sourceTree = "<group>"; };
		3E7E0F722A7FAB4D003C1869 /* Preview Assets.xcassets */ = {isa = PBXFileReference; lastKnownFileType = folder.assetcatalog; path = "Preview Assets.xcassets"; sourceTree = "<group>"; };
		3E7E0F7C2A7FD700003C1869 /* TestView.swift */ = {isa = PBXFileReference; lastKnownFileType = sourcecode.swift; path = TestView.swift; sourceTree = "<group>"; };
		3E9549FF2A87AA6300F3D9E0 /* MainView.swift */ = {isa = PBXFileReference; lastKnownFileType = sourcecode.swift; path = MainView.swift; sourceTree = "<group>"; };
		3E954A012A87AB5800F3D9E0 /* HeaderArea.swift */ = {isa = PBXFileReference; lastKnownFileType = sourcecode.swift; path = HeaderArea.swift; sourceTree = "<group>"; };
		3E954A042A87ABA800F3D9E0 /* UserModel.swift */ = {isa = PBXFileReference; lastKnownFileType = sourcecode.swift; path = UserModel.swift; sourceTree = "<group>"; };
		3E954A0A2A87ADCC00F3D9E0 /* ColorExtension.swift */ = {isa = PBXFileReference; lastKnownFileType = sourcecode.swift; path = ColorExtension.swift; sourceTree = "<group>"; };
		3E954A0C2A87AF0400F3D9E0 /* FontExtension.swift */ = {isa = PBXFileReference; lastKnownFileType = sourcecode.swift; path = FontExtension.swift; sourceTree = "<group>"; };
		3E954A0F2A87AF5400F3D9E0 /* Pretendard-Black.otf */ = {isa = PBXFileReference; lastKnownFileType = file; path = "Pretendard-Black.otf"; sourceTree = "<group>"; };
		3E954A102A87AF5400F3D9E0 /* Pretendard-ExtraLight.otf */ = {isa = PBXFileReference; lastKnownFileType = file; path = "Pretendard-ExtraLight.otf"; sourceTree = "<group>"; };
		3E954A112A87AF5500F3D9E0 /* Pretendard-SemiBold.otf */ = {isa = PBXFileReference; lastKnownFileType = file; path = "Pretendard-SemiBold.otf"; sourceTree = "<group>"; };
		3E954A122A87AF5500F3D9E0 /* Pretendard-Regular.otf */ = {isa = PBXFileReference; lastKnownFileType = file; path = "Pretendard-Regular.otf"; sourceTree = "<group>"; };
		3E954A132A87AF5500F3D9E0 /* Pretendard-ExtraBold.otf */ = {isa = PBXFileReference; lastKnownFileType = file; path = "Pretendard-ExtraBold.otf"; sourceTree = "<group>"; };
		3E954A142A87AF5500F3D9E0 /* Pretendard-Bold.otf */ = {isa = PBXFileReference; lastKnownFileType = file; path = "Pretendard-Bold.otf"; sourceTree = "<group>"; };
		3E954A152A87AF5500F3D9E0 /* Pretendard-Medium.otf */ = {isa = PBXFileReference; lastKnownFileType = file; path = "Pretendard-Medium.otf"; sourceTree = "<group>"; };
		3E954A162A87AF5500F3D9E0 /* Pretendard-Thin.otf */ = {isa = PBXFileReference; lastKnownFileType = file; path = "Pretendard-Thin.otf"; sourceTree = "<group>"; };
		3E954A172A87AF5500F3D9E0 /* Pretendard-Light.otf */ = {isa = PBXFileReference; lastKnownFileType = file; path = "Pretendard-Light.otf"; sourceTree = "<group>"; };
		3E954A212A87AF8D00F3D9E0 /* Info.plist */ = {isa = PBXFileReference; lastKnownFileType = text.plist; path = Info.plist; sourceTree = "<group>"; };
		3E954A222A87B5D000F3D9E0 /* BannerArea.swift */ = {isa = PBXFileReference; lastKnownFileType = sourcecode.swift; path = BannerArea.swift; sourceTree = "<group>"; };
		3E954A242A87B82700F3D9E0 /* PassbookArea.swift */ = {isa = PBXFileReference; lastKnownFileType = sourcecode.swift; path = PassbookArea.swift; sourceTree = "<group>"; };
		3E954A262A87BFE800F3D9E0 /* BottomOptionArea.swift */ = {isa = PBXFileReference; lastKnownFileType = sourcecode.swift; path = BottomOptionArea.swift; sourceTree = "<group>"; };
		3E954A282A87C2C400F3D9E0 /* DetailView.swift */ = {isa = PBXFileReference; lastKnownFileType = sourcecode.swift; path = DetailView.swift; sourceTree = "<group>"; };
		3E954A2A2A87C67300F3D9E0 /* MyPassbookArea.swift */ = {isa = PBXFileReference; lastKnownFileType = sourcecode.swift; path = MyPassbookArea.swift; sourceTree = "<group>"; };
		3E954A2C2A87C72B00F3D9E0 /* TransactionDetailArea.swift */ = {isa = PBXFileReference; lastKnownFileType = sourcecode.swift; path = TransactionDetailArea.swift; sourceTree = "<group>"; };
		3E954A2F2A87E48A00F3D9E0 /* LoanView.swift */ = {isa = PBXFileReference; lastKnownFileType = sourcecode.swift; path = LoanView.swift; sourceTree = "<group>"; };
		3E954A312A87E6BA00F3D9E0 /* InputArea.swift */ = {isa = PBXFileReference; lastKnownFileType = sourcecode.swift; path = InputArea.swift; sourceTree = "<group>"; };
		3E954A332A87E6C500F3D9E0 /* BalanceArea.swift */ = {isa = PBXFileReference; lastKnownFileType = sourcecode.swift; path = BalanceArea.swift; sourceTree = "<group>"; };
		3E954A362A87E72800F3D9E0 /* ViewBuilder.swift */ = {isa = PBXFileReference; lastKnownFileType = sourcecode.swift; path = ViewBuilder.swift; sourceTree = "<group>"; };
		3E954A382A87EE5000F3D9E0 /* numberKeyArea.swift */ = {isa = PBXFileReference; lastKnownFileType = sourcecode.swift; path = numberKeyArea.swift; sourceTree = "<group>"; };
		3EE4A7562AA02C1F008D93AF /* ViewExtensions.swift */ = {isa = PBXFileReference; lastKnownFileType = sourcecode.swift; path = ViewExtensions.swift; sourceTree = "<group>"; };
		3EE4A7582AA031D5008D93AF /* Extensions.swift */ = {isa = PBXFileReference; lastKnownFileType = sourcecode.swift; path = Extensions.swift; sourceTree = "<group>"; };
		3EF0A0AD2A88DF270029F778 /* LoanModalArea.swift */ = {isa = PBXFileReference; lastKnownFileType = sourcecode.swift; path = LoanModalArea.swift; sourceTree = "<group>"; };
		3EF0A0AF2A88FB480029F778 /* LoanCompleteView.swift */ = {isa = PBXFileReference; lastKnownFileType = sourcecode.swift; path = LoanCompleteView.swift; sourceTree = "<group>"; };
		3EF0A0B22A8956920029F778 /* UserViewModel.swift */ = {isa = PBXFileReference; lastKnownFileType = sourcecode.swift; path = UserViewModel.swift; sourceTree = "<group>"; };
		3EF0A0B42A895B120029F778 /* AccountModel.swift */ = {isa = PBXFileReference; lastKnownFileType = sourcecode.swift; path = AccountModel.swift; sourceTree = "<group>"; };
		3EF0A0B62A895BCD0029F778 /* AccountViewModel.swift */ = {isa = PBXFileReference; lastKnownFileType = sourcecode.swift; path = AccountViewModel.swift; sourceTree = "<group>"; };
/* End PBXFileReference section */

/* Begin PBXFrameworksBuildPhase section */
		3E7E0F652A7FAB4C003C1869 /* Frameworks */ = {
			isa = PBXFrameworksBuildPhase;
			buildActionMask = 2147483647;
			files = (
			);
			runOnlyForDeploymentPostprocessing = 0;
		};
/* End PBXFrameworksBuildPhase section */

/* Begin PBXGroup section */
		3E7E0F5F2A7FAB4C003C1869 = {
			isa = PBXGroup;
			children = (
				3E7E0F6A2A7FAB4C003C1869 /* KakaoBank */,
				3E7E0F692A7FAB4C003C1869 /* Products */,
			);
			sourceTree = "<group>";
		};
		3E7E0F692A7FAB4C003C1869 /* Products */ = {
			isa = PBXGroup;
			children = (
				3E7E0F682A7FAB4C003C1869 /* KakaoBank.app */,
			);
			name = Products;
			sourceTree = "<group>";
		};
		3E7E0F6A2A7FAB4C003C1869 /* KakaoBank */ = {
			isa = PBXGroup;
			children = (
				3E954A212A87AF8D00F3D9E0 /* Info.plist */,
				3E7E0F6B2A7FAB4C003C1869 /* KakaoBankApp.swift */,
				3E7E0F6D2A7FAB4C003C1869 /* ContentView.swift */,
				3E954A072A87ACC600F3D9E0 /* View */,
				3E954A032A87AB9900F3D9E0 /* Model */,
				3E954A2E2A87E25A00F3D9E0 /* ViewModel */,
				3EE4A7552AA02C13008D93AF /* Utils */,
				3E954A062A87ABE400F3D9E0 /* Asset */,
				3E7E0F712A7FAB4D003C1869 /* Preview Content */,
				3E7E0F7C2A7FD700003C1869 /* TestView.swift */,
				3E4A44432A93334000030F4E /* TestView2.swift */,
			);
			path = KakaoBank;
			sourceTree = "<group>";
		};
		3E7E0F712A7FAB4D003C1869 /* Preview Content */ = {
			isa = PBXGroup;
			children = (
				3E7E0F722A7FAB4D003C1869 /* Preview Assets.xcassets */,
			);
			path = "Preview Content";
			sourceTree = "<group>";
		};
		3E9549F82A87A59C00F3D9E0 /* MainView */ = {
			isa = PBXGroup;
			children = (
				3E9549FF2A87AA6300F3D9E0 /* MainView.swift */,
				3E954A012A87AB5800F3D9E0 /* HeaderArea.swift */,
				3E954A222A87B5D000F3D9E0 /* BannerArea.swift */,
				3E954A242A87B82700F3D9E0 /* PassbookArea.swift */,
				3E954A262A87BFE800F3D9E0 /* BottomOptionArea.swift */,
			);
			path = MainView;
			sourceTree = "<group>";
		};
		3E9549F92A87A64D00F3D9E0 /* DetailView */ = {
			isa = PBXGroup;
			children = (
				3E954A282A87C2C400F3D9E0 /* DetailView.swift */,
				3E954A2A2A87C67300F3D9E0 /* MyPassbookArea.swift */,
				3E954A2C2A87C72B00F3D9E0 /* TransactionDetailArea.swift */,
			);
			path = DetailView;
			sourceTree = "<group>";
		};
		3E9549FA2A87A66900F3D9E0 /* LoanView */ = {
			isa = PBXGroup;
			children = (
				3E954A2F2A87E48A00F3D9E0 /* LoanView.swift */,
				3E954A312A87E6BA00F3D9E0 /* InputArea.swift */,
				3E954A332A87E6C500F3D9E0 /* BalanceArea.swift */,
				3E954A382A87EE5000F3D9E0 /* numberKeyArea.swift */,
				3EF0A0AD2A88DF270029F778 /* LoanModalArea.swift */,
			);
			path = LoanView;
			sourceTree = "<group>";
		};
		3E9549FB2A87A67A00F3D9E0 /* LoanCompleteView */ = {
			isa = PBXGroup;
			children = (
				3EF0A0AF2A88FB480029F778 /* LoanCompleteView.swift */,
			);
			path = LoanCompleteView;
			sourceTree = "<group>";
		};
		3E9549FC2A87A6A400F3D9E0 /* ListView */ = {
			isa = PBXGroup;
			children = (
				3E6262892A8B59DD0038174C /* ListView.swift */,
			);
			path = ListView;
			sourceTree = "<group>";
		};
		3E9549FD2A87A6B200F3D9E0 /* TransferView */ = {
			isa = PBXGroup;
			children = (
				3E62628B2A8B75BF0038174C /* TransferView.swift */,
				3E62628F2A8B784C0038174C /* TransferModalArea.swift */,
			);
			path = TransferView;
			sourceTree = "<group>";
		};
		3E9549FE2A87A6D700F3D9E0 /* TransferCompleteView */ = {
			isa = PBXGroup;
			children = (
				3E62628D2A8B76430038174C /* TransferCompleteView.swift */,
			);
			path = TransferCompleteView;
			sourceTree = "<group>";
		};
		3E954A032A87AB9900F3D9E0 /* Model */ = {
			isa = PBXGroup;
			children = (
				3E954A042A87ABA800F3D9E0 /* UserModel.swift */,
				3EF0A0B42A895B120029F778 /* AccountModel.swift */,
			);
			path = Model;
			sourceTree = "<group>";
		};
		3E954A062A87ABE400F3D9E0 /* Asset */ = {
			isa = PBXGroup;
			children = (
				3E7E0F6F2A7FAB4D003C1869 /* Assets.xcassets */,
				3E954A092A87ADA900F3D9E0 /* Fonts */,
				3E954A082A87ACEA00F3D9E0 /* Colors */,
			);
			path = Asset;
			sourceTree = "<group>";
		};
		3E954A072A87ACC600F3D9E0 /* View */ = {
			isa = PBXGroup;
			children = (
				3E954A352A87E6E300F3D9E0 /* Component */,
				3E9549F82A87A59C00F3D9E0 /* MainView */,
				3E9549F92A87A64D00F3D9E0 /* DetailView */,
				3E9549FA2A87A66900F3D9E0 /* LoanView */,
				3E9549FB2A87A67A00F3D9E0 /* LoanCompleteView */,
				3E9549FC2A87A6A400F3D9E0 /* ListView */,
				3E9549FD2A87A6B200F3D9E0 /* TransferView */,
				3E9549FE2A87A6D700F3D9E0 /* TransferCompleteView */,
			);
			path = View;
			sourceTree = "<group>";
		};
		3E954A082A87ACEA00F3D9E0 /* Colors */ = {
			isa = PBXGroup;
			children = (
				3E954A0A2A87ADCC00F3D9E0 /* ColorExtension.swift */,
			);
			path = Colors;
			sourceTree = "<group>";
		};
		3E954A092A87ADA900F3D9E0 /* Fonts */ = {
			isa = PBXGroup;
			children = (
				3E954A0C2A87AF0400F3D9E0 /* FontExtension.swift */,
				3E954A0E2A87AF4700F3D9E0 /* Pretendard */,
			);
			path = Fonts;
			sourceTree = "<group>";
		};
		3E954A0E2A87AF4700F3D9E0 /* Pretendard */ = {
			isa = PBXGroup;
			children = (
				3E954A0F2A87AF5400F3D9E0 /* Pretendard-Black.otf */,
				3E954A142A87AF5500F3D9E0 /* Pretendard-Bold.otf */,
				3E954A132A87AF5500F3D9E0 /* Pretendard-ExtraBold.otf */,
				3E954A102A87AF5400F3D9E0 /* Pretendard-ExtraLight.otf */,
				3E954A172A87AF5500F3D9E0 /* Pretendard-Light.otf */,
				3E954A152A87AF5500F3D9E0 /* Pretendard-Medium.otf */,
				3E954A122A87AF5500F3D9E0 /* Pretendard-Regular.otf */,
				3E954A112A87AF5500F3D9E0 /* Pretendard-SemiBold.otf */,
				3E954A162A87AF5500F3D9E0 /* Pretendard-Thin.otf */,
			);
			path = Pretendard;
			sourceTree = "<group>";
		};
		3E954A2E2A87E25A00F3D9E0 /* ViewModel */ = {
			isa = PBXGroup;
			children = (
				3EF0A0B22A8956920029F778 /* UserViewModel.swift */,
				3EF0A0B62A895BCD0029F778 /* AccountViewModel.swift */,
			);
			path = ViewModel;
			sourceTree = "<group>";
		};
		3E954A352A87E6E300F3D9E0 /* Component */ = {
			isa = PBXGroup;
			children = (
				3E954A362A87E72800F3D9E0 /* ViewBuilder.swift */,
			);
			path = Component;
			sourceTree = "<group>";
		};
		3EE4A7552AA02C13008D93AF /* Utils */ = {
			isa = PBXGroup;
			children = (
				3EE4A7562AA02C1F008D93AF /* ViewExtensions.swift */,
				3EE4A7582AA031D5008D93AF /* Extensions.swift */,
			);
			path = Utils;
			sourceTree = "<group>";
		};
/* End PBXGroup section */

/* Begin PBXNativeTarget section */
		3E7E0F672A7FAB4C003C1869 /* KakaoBank */ = {
			isa = PBXNativeTarget;
			buildConfigurationList = 3E7E0F762A7FAB4D003C1869 /* Build configuration list for PBXNativeTarget "KakaoBank" */;
			buildPhases = (
				3E7E0F642A7FAB4C003C1869 /* Sources */,
				3E7E0F652A7FAB4C003C1869 /* Frameworks */,
				3E7E0F662A7FAB4C003C1869 /* Resources */,
			);
			buildRules = (
			);
			dependencies = (
			);
			name = KakaoBank;
			productName = KakaoBank;
			productReference = 3E7E0F682A7FAB4C003C1869 /* KakaoBank.app */;
			productType = "com.apple.product-type.application";
		};
/* End PBXNativeTarget section */

/* Begin PBXProject section */
		3E7E0F602A7FAB4C003C1869 /* Project object */ = {
			isa = PBXProject;
			attributes = {
				BuildIndependentTargetsInParallel = 1;
				LastSwiftUpdateCheck = 1430;
				LastUpgradeCheck = 1430;
				TargetAttributes = {
					3E7E0F672A7FAB4C003C1869 = {
						CreatedOnToolsVersion = 14.3.1;
					};
				};
			};
			buildConfigurationList = 3E7E0F632A7FAB4C003C1869 /* Build configuration list for PBXProject "KakaoBank" */;
			compatibilityVersion = "Xcode 14.0";
			developmentRegion = en;
			hasScannedForEncodings = 0;
			knownRegions = (
				en,
				Base,
			);
			mainGroup = 3E7E0F5F2A7FAB4C003C1869;
			productRefGroup = 3E7E0F692A7FAB4C003C1869 /* Products */;
			projectDirPath = "";
			projectRoot = "";
			targets = (
				3E7E0F672A7FAB4C003C1869 /* KakaoBank */,
			);
		};
/* End PBXProject section */

/* Begin PBXResourcesBuildPhase section */
		3E7E0F662A7FAB4C003C1869 /* Resources */ = {
			isa = PBXResourcesBuildPhase;
			buildActionMask = 2147483647;
			files = (
				3E7E0F732A7FAB4D003C1869 /* Preview Assets.xcassets in Resources */,
				3E954A1F2A87AF5500F3D9E0 /* Pretendard-Thin.otf in Resources */,
				3E954A1D2A87AF5500F3D9E0 /* Pretendard-Bold.otf in Resources */,
				3E954A1B2A87AF5500F3D9E0 /* Pretendard-Regular.otf in Resources */,
				3E954A1C2A87AF5500F3D9E0 /* Pretendard-ExtraBold.otf in Resources */,
				3E954A202A87AF5500F3D9E0 /* Pretendard-Light.otf in Resources */,
				3E954A182A87AF5500F3D9E0 /* Pretendard-Black.otf in Resources */,
				3E954A1A2A87AF5500F3D9E0 /* Pretendard-SemiBold.otf in Resources */,
				3E954A192A87AF5500F3D9E0 /* Pretendard-ExtraLight.otf in Resources */,
				3E7E0F702A7FAB4D003C1869 /* Assets.xcassets in Resources */,
				3E954A1E2A87AF5500F3D9E0 /* Pretendard-Medium.otf in Resources */,
			);
			runOnlyForDeploymentPostprocessing = 0;
		};
/* End PBXResourcesBuildPhase section */

/* Begin PBXSourcesBuildPhase section */
		3E7E0F642A7FAB4C003C1869 /* Sources */ = {
			isa = PBXSourcesBuildPhase;
			buildActionMask = 2147483647;
			files = (
				3E954A2D2A87C72B00F3D9E0 /* TransactionDetailArea.swift in Sources */,
				3E62628C2A8B75BF0038174C /* TransferView.swift in Sources */,
				3E954A052A87ABA800F3D9E0 /* UserModel.swift in Sources */,
				3E954A022A87AB5800F3D9E0 /* HeaderArea.swift in Sources */,
				3E954A372A87E72800F3D9E0 /* ViewBuilder.swift in Sources */,
				3E954A0B2A87ADCC00F3D9E0 /* ColorExtension.swift in Sources */,
				3EF0A0B72A895BCD0029F778 /* AccountViewModel.swift in Sources */,
				3E7E0F7D2A7FD700003C1869 /* TestView.swift in Sources */,
				3E7E0F6E2A7FAB4C003C1869 /* ContentView.swift in Sources */,
				3E4A44442A93334100030F4E /* TestView2.swift in Sources */,
				3E954A232A87B5D000F3D9E0 /* BannerArea.swift in Sources */,
				3EF0A0B02A88FB480029F778 /* LoanCompleteView.swift in Sources */,
				3EF0A0B32A8956920029F778 /* UserViewModel.swift in Sources */,
				3EF0A0AE2A88DF270029F778 /* LoanModalArea.swift in Sources */,
				3E954A292A87C2C400F3D9E0 /* DetailView.swift in Sources */,
				3E62628A2A8B59DD0038174C /* ListView.swift in Sources */,
				3E954A0D2A87AF0400F3D9E0 /* FontExtension.swift in Sources */,
				3E6262902A8B784C0038174C /* TransferModalArea.swift in Sources */,
				3E954A272A87BFE800F3D9E0 /* BottomOptionArea.swift in Sources */,
				3EE4A7592AA031D5008D93AF /* Extensions.swift in Sources */,
				3E954A342A87E6C500F3D9E0 /* BalanceArea.swift in Sources */,
				3E954A392A87EE5000F3D9E0 /* numberKeyArea.swift in Sources */,
				3E954A2B2A87C67300F3D9E0 /* MyPassbookArea.swift in Sources */,
				3E954A322A87E6BA00F3D9E0 /* InputArea.swift in Sources */,
				3E62628E2A8B76430038174C /* TransferCompleteView.swift in Sources */,
				3EF0A0B52A895B120029F778 /* AccountModel.swift in Sources */,
				3E954A252A87B82700F3D9E0 /* PassbookArea.swift in Sources */,
				3E954A002A87AA6300F3D9E0 /* MainView.swift in Sources */,
				3E954A302A87E48A00F3D9E0 /* LoanView.swift in Sources */,
				3EE4A7572AA02C1F008D93AF /* ViewExtensions.swift in Sources */,
				3E7E0F6C2A7FAB4C003C1869 /* KakaoBankApp.swift in Sources */,
			);
			runOnlyForDeploymentPostprocessing = 0;
		};
/* End PBXSourcesBuildPhase section */

/* Begin XCBuildConfiguration section */
		3E7E0F742A7FAB4D003C1869 /* Debug */ = {
			isa = XCBuildConfiguration;
			buildSettings = {
				ALWAYS_SEARCH_USER_PATHS = NO;
				CLANG_ANALYZER_NONNULL = YES;
				CLANG_ANALYZER_NUMBER_OBJECT_CONVERSION = YES_AGGRESSIVE;
				CLANG_CXX_LANGUAGE_STANDARD = "gnu++20";
				CLANG_ENABLE_MODULES = YES;
				CLANG_ENABLE_OBJC_ARC = YES;
				CLANG_ENABLE_OBJC_WEAK = YES;
				CLANG_WARN_BLOCK_CAPTURE_AUTORELEASING = YES;
				CLANG_WARN_BOOL_CONVERSION = YES;
				CLANG_WARN_COMMA = YES;
				CLANG_WARN_CONSTANT_CONVERSION = YES;
				CLANG_WARN_DEPRECATED_OBJC_IMPLEMENTATIONS = YES;
				CLANG_WARN_DIRECT_OBJC_ISA_USAGE = YES_ERROR;
				CLANG_WARN_DOCUMENTATION_COMMENTS = YES;
				CLANG_WARN_EMPTY_BODY = YES;
				CLANG_WARN_ENUM_CONVERSION = YES;
				CLANG_WARN_INFINITE_RECURSION = YES;
				CLANG_WARN_INT_CONVERSION = YES;
				CLANG_WARN_NON_LITERAL_NULL_CONVERSION = YES;
				CLANG_WARN_OBJC_IMPLICIT_RETAIN_SELF = YES;
				CLANG_WARN_OBJC_LITERAL_CONVERSION = YES;
				CLANG_WARN_OBJC_ROOT_CLASS = YES_ERROR;
				CLANG_WARN_QUOTED_INCLUDE_IN_FRAMEWORK_HEADER = YES;
				CLANG_WARN_RANGE_LOOP_ANALYSIS = YES;
				CLANG_WARN_STRICT_PROTOTYPES = YES;
				CLANG_WARN_SUSPICIOUS_MOVE = YES;
				CLANG_WARN_UNGUARDED_AVAILABILITY = YES_AGGRESSIVE;
				CLANG_WARN_UNREACHABLE_CODE = YES;
				CLANG_WARN__DUPLICATE_METHOD_MATCH = YES;
				COPY_PHASE_STRIP = NO;
				DEBUG_INFORMATION_FORMAT = dwarf;
				ENABLE_STRICT_OBJC_MSGSEND = YES;
				ENABLE_TESTABILITY = YES;
				GCC_C_LANGUAGE_STANDARD = gnu11;
				GCC_DYNAMIC_NO_PIC = NO;
				GCC_NO_COMMON_BLOCKS = YES;
				GCC_OPTIMIZATION_LEVEL = 0;
				GCC_PREPROCESSOR_DEFINITIONS = (
					"DEBUG=1",
					"$(inherited)",
				);
				GCC_WARN_64_TO_32_BIT_CONVERSION = YES;
				GCC_WARN_ABOUT_RETURN_TYPE = YES_ERROR;
				GCC_WARN_UNDECLARED_SELECTOR = YES;
				GCC_WARN_UNINITIALIZED_AUTOS = YES_AGGRESSIVE;
				GCC_WARN_UNUSED_FUNCTION = YES;
				GCC_WARN_UNUSED_VARIABLE = YES;
				IPHONEOS_DEPLOYMENT_TARGET = 16.4;
				MTL_ENABLE_DEBUG_INFO = INCLUDE_SOURCE;
				MTL_FAST_MATH = YES;
				ONLY_ACTIVE_ARCH = YES;
				SDKROOT = iphoneos;
				SWIFT_ACTIVE_COMPILATION_CONDITIONS = DEBUG;
				SWIFT_OPTIMIZATION_LEVEL = "-Onone";
			};
			name = Debug;
		};
		3E7E0F752A7FAB4D003C1869 /* Release */ = {
			isa = XCBuildConfiguration;
			buildSettings = {
				ALWAYS_SEARCH_USER_PATHS = NO;
				CLANG_ANALYZER_NONNULL = YES;
				CLANG_ANALYZER_NUMBER_OBJECT_CONVERSION = YES_AGGRESSIVE;
				CLANG_CXX_LANGUAGE_STANDARD = "gnu++20";
				CLANG_ENABLE_MODULES = YES;
				CLANG_ENABLE_OBJC_ARC = YES;
				CLANG_ENABLE_OBJC_WEAK = YES;
				CLANG_WARN_BLOCK_CAPTURE_AUTORELEASING = YES;
				CLANG_WARN_BOOL_CONVERSION = YES;
				CLANG_WARN_COMMA = YES;
				CLANG_WARN_CONSTANT_CONVERSION = YES;
				CLANG_WARN_DEPRECATED_OBJC_IMPLEMENTATIONS = YES;
				CLANG_WARN_DIRECT_OBJC_ISA_USAGE = YES_ERROR;
				CLANG_WARN_DOCUMENTATION_COMMENTS = YES;
				CLANG_WARN_EMPTY_BODY = YES;
				CLANG_WARN_ENUM_CONVERSION = YES;
				CLANG_WARN_INFINITE_RECURSION = YES;
				CLANG_WARN_INT_CONVERSION = YES;
				CLANG_WARN_NON_LITERAL_NULL_CONVERSION = YES;
				CLANG_WARN_OBJC_IMPLICIT_RETAIN_SELF = YES;
				CLANG_WARN_OBJC_LITERAL_CONVERSION = YES;
				CLANG_WARN_OBJC_ROOT_CLASS = YES_ERROR;
				CLANG_WARN_QUOTED_INCLUDE_IN_FRAMEWORK_HEADER = YES;
				CLANG_WARN_RANGE_LOOP_ANALYSIS = YES;
				CLANG_WARN_STRICT_PROTOTYPES = YES;
				CLANG_WARN_SUSPICIOUS_MOVE = YES;
				CLANG_WARN_UNGUARDED_AVAILABILITY = YES_AGGRESSIVE;
				CLANG_WARN_UNREACHABLE_CODE = YES;
				CLANG_WARN__DUPLICATE_METHOD_MATCH = YES;
				COPY_PHASE_STRIP = NO;
				DEBUG_INFORMATION_FORMAT = "dwarf-with-dsym";
				ENABLE_NS_ASSERTIONS = NO;
				ENABLE_STRICT_OBJC_MSGSEND = YES;
				GCC_C_LANGUAGE_STANDARD = gnu11;
				GCC_NO_COMMON_BLOCKS = YES;
				GCC_WARN_64_TO_32_BIT_CONVERSION = YES;
				GCC_WARN_ABOUT_RETURN_TYPE = YES_ERROR;
				GCC_WARN_UNDECLARED_SELECTOR = YES;
				GCC_WARN_UNINITIALIZED_AUTOS = YES_AGGRESSIVE;
				GCC_WARN_UNUSED_FUNCTION = YES;
				GCC_WARN_UNUSED_VARIABLE = YES;
				IPHONEOS_DEPLOYMENT_TARGET = 16.4;
				MTL_ENABLE_DEBUG_INFO = NO;
				MTL_FAST_MATH = YES;
				SDKROOT = iphoneos;
				SWIFT_COMPILATION_MODE = wholemodule;
				SWIFT_OPTIMIZATION_LEVEL = "-O";
				VALIDATE_PRODUCT = YES;
			};
			name = Release;
		};
		3E7E0F772A7FAB4D003C1869 /* Debug */ = {
			isa = XCBuildConfiguration;
			buildSettings = {
				ASSETCATALOG_COMPILER_APPICON_NAME = AppIcon;
				ASSETCATALOG_COMPILER_GLOBAL_ACCENT_COLOR_NAME = AccentColor;
				CODE_SIGN_STYLE = Automatic;
				CURRENT_PROJECT_VERSION = 1;
				DEVELOPMENT_ASSET_PATHS = "\"KakaoBank/Preview Content\"";
				DEVELOPMENT_TEAM = GZMCL5Q7N2;
				ENABLE_PREVIEWS = YES;
				GENERATE_INFOPLIST_FILE = YES;
				INFOPLIST_FILE = KakaoBank/Info.plist;
				INFOPLIST_KEY_UIApplicationSceneManifest_Generation = YES;
				INFOPLIST_KEY_UIApplicationSupportsIndirectInputEvents = YES;
				INFOPLIST_KEY_UILaunchScreen_Generation = YES;
				INFOPLIST_KEY_UISupportedInterfaceOrientations_iPad = "UIInterfaceOrientationPortrait UIInterfaceOrientationPortraitUpsideDown UIInterfaceOrientationLandscapeLeft UIInterfaceOrientationLandscapeRight";
				INFOPLIST_KEY_UISupportedInterfaceOrientations_iPhone = "UIInterfaceOrientationPortrait UIInterfaceOrientationLandscapeLeft UIInterfaceOrientationLandscapeRight";
				LD_RUNPATH_SEARCH_PATHS = (
					"$(inherited)",
					"@executable_path/Frameworks",
				);
				MARKETING_VERSION = 1.0;
				PRODUCT_BUNDLE_IDENTIFIER = com.bokyung.KakaoBank;
				PRODUCT_NAME = "$(TARGET_NAME)";
				SWIFT_EMIT_LOC_STRINGS = YES;
				SWIFT_VERSION = 5.0;
				TARGETED_DEVICE_FAMILY = "1,2";
			};
			name = Debug;
		};
		3E7E0F782A7FAB4D003C1869 /* Release */ = {
			isa = XCBuildConfiguration;
			buildSettings = {
				ASSETCATALOG_COMPILER_APPICON_NAME = AppIcon;
				ASSETCATALOG_COMPILER_GLOBAL_ACCENT_COLOR_NAME = AccentColor;
				CODE_SIGN_STYLE = Automatic;
				CURRENT_PROJECT_VERSION = 1;
				DEVELOPMENT_ASSET_PATHS = "\"KakaoBank/Preview Content\"";
				DEVELOPMENT_TEAM = GZMCL5Q7N2;
				ENABLE_PREVIEWS = YES;
				GENERATE_INFOPLIST_FILE = YES;
				INFOPLIST_FILE = KakaoBank/Info.plist;
				INFOPLIST_KEY_UIApplicationSceneManifest_Generation = YES;
				INFOPLIST_KEY_UIApplicationSupportsIndirectInputEvents = YES;
				INFOPLIST_KEY_UILaunchScreen_Generation = YES;
				INFOPLIST_KEY_UISupportedInterfaceOrientations_iPad = "UIInterfaceOrientationPortrait UIInterfaceOrientationPortraitUpsideDown UIInterfaceOrientationLandscapeLeft UIInterfaceOrientationLandscapeRight";
				INFOPLIST_KEY_UISupportedInterfaceOrientations_iPhone = "UIInterfaceOrientationPortrait UIInterfaceOrientationLandscapeLeft UIInterfaceOrientationLandscapeRight";
				LD_RUNPATH_SEARCH_PATHS = (
					"$(inherited)",
					"@executable_path/Frameworks",
				);
				MARKETING_VERSION = 1.0;
				PRODUCT_BUNDLE_IDENTIFIER = com.bokyung.KakaoBank;
				PRODUCT_NAME = "$(TARGET_NAME)";
				SWIFT_EMIT_LOC_STRINGS = YES;
				SWIFT_VERSION = 5.0;
				TARGETED_DEVICE_FAMILY = "1,2";
			};
			name = Release;
		};
/* End XCBuildConfiguration section */

/* Begin XCConfigurationList section */
		3E7E0F632A7FAB4C003C1869 /* Build configuration list for PBXProject "KakaoBank" */ = {
			isa = XCConfigurationList;
			buildConfigurations = (
				3E7E0F742A7FAB4D003C1869 /* Debug */,
				3E7E0F752A7FAB4D003C1869 /* Release */,
			);
			defaultConfigurationIsVisible = 0;
			defaultConfigurationName = Release;
		};
		3E7E0F762A7FAB4D003C1869 /* Build configuration list for PBXNativeTarget "KakaoBank" */ = {
			isa = XCConfigurationList;
			buildConfigurations = (
				3E7E0F772A7FAB4D003C1869 /* Debug */,
				3E7E0F782A7FAB4D003C1869 /* Release */,
			);
			defaultConfigurationIsVisible = 0;
			defaultConfigurationName = Release;
		};
/* End XCConfigurationList section */
	};
	rootObject = 3E7E0F602A7FAB4C003C1869 /* Project object */;
}
