// !$*UTF8*$!
{
	archiveVersion = 1;
	classes = {
	};
	objectVersion = 56;
	objects = {

/* Begin PBXBuildFile section */
		3E5B53262A7BF15400CAAF3B /* ChulsseukApp.swift in Sources */ = {isa = PBXBuildFile; fileRef = 3E5B53252A7BF15400CAAF3B /* ChulsseukApp.swift */; };
		3E5B53282A7BF15400CAAF3B /* ContentView.swift in Sources */ = {isa = PBXBuildFile; fileRef = 3E5B53272A7BF15400CAAF3B /* ContentView.swift */; };
		3E5B532A2A7BF15600CAAF3B /* Assets.xcassets in Resources */ = {isa = PBXBuildFile; fileRef = 3E5B53292A7BF15600CAAF3B /* Assets.xcassets */; };
		3E5B532D2A7BF15600CAAF3B /* Preview Assets.xcassets in Resources */ = {isa = PBXBuildFile; fileRef = 3E5B532C2A7BF15600CAAF3B /* Preview Assets.xcassets */; };
		3E5B53362A7BFC7000CAAF3B /* MainView.swift in Sources */ = {isa = PBXBuildFile; fileRef = 3E5B53352A7BFC7000CAAF3B /* MainView.swift */; };
		3E5B53382A7BFC7B00CAAF3B /* HeaderArea.swift in Sources */ = {isa = PBXBuildFile; fileRef = 3E5B53372A7BFC7B00CAAF3B /* HeaderArea.swift */; };
		3E5B533A2A7BFC8500CAAF3B /* CardArea.swift in Sources */ = {isa = PBXBuildFile; fileRef = 3E5B53392A7BFC8500CAAF3B /* CardArea.swift */; };
		3E5B533F2A7BFCDA00CAAF3B /* ChulsseukButton.swift in Sources */ = {isa = PBXBuildFile; fileRef = 3E5B533E2A7BFCDA00CAAF3B /* ChulsseukButton.swift */; };
		3E5B53412A7BFF9500CAAF3B /* FightingArea.swift in Sources */ = {isa = PBXBuildFile; fileRef = 3E5B53402A7BFF9500CAAF3B /* FightingArea.swift */; };
		3E5B53452A7C890300CAAF3B /* ColorExtension.swift in Sources */ = {isa = PBXBuildFile; fileRef = 3E5B53442A7C890300CAAF3B /* ColorExtension.swift */; };
		3E5B53482A7C8B5C00CAAF3B /* FontExtension.swift in Sources */ = {isa = PBXBuildFile; fileRef = 3E5B53472A7C8B5C00CAAF3B /* FontExtension.swift */; };
		3E5B53522A7C8B8400CAAF3B /* Pretendard-ExtraLight.otf in Resources */ = {isa = PBXBuildFile; fileRef = 3E5B53492A7C8B8300CAAF3B /* Pretendard-ExtraLight.otf */; };
		3E5B53532A7C8B8400CAAF3B /* Pretendard-Regular.otf in Resources */ = {isa = PBXBuildFile; fileRef = 3E5B534A2A7C8B8300CAAF3B /* Pretendard-Regular.otf */; };
		3E5B53542A7C8B8400CAAF3B /* Pretendard-Light.otf in Resources */ = {isa = PBXBuildFile; fileRef = 3E5B534B2A7C8B8300CAAF3B /* Pretendard-Light.otf */; };
		3E5B53552A7C8B8400CAAF3B /* Pretendard-Medium.otf in Resources */ = {isa = PBXBuildFile; fileRef = 3E5B534C2A7C8B8300CAAF3B /* Pretendard-Medium.otf */; };
		3E5B53562A7C8B8400CAAF3B /* Pretendard-Bold.otf in Resources */ = {isa = PBXBuildFile; fileRef = 3E5B534D2A7C8B8300CAAF3B /* Pretendard-Bold.otf */; };
		3E5B53572A7C8B8400CAAF3B /* Pretendard-SemiBold.otf in Resources */ = {isa = PBXBuildFile; fileRef = 3E5B534E2A7C8B8400CAAF3B /* Pretendard-SemiBold.otf */; };
		3E5B53582A7C8B8400CAAF3B /* Pretendard-Thin.otf in Resources */ = {isa = PBXBuildFile; fileRef = 3E5B534F2A7C8B8400CAAF3B /* Pretendard-Thin.otf */; };
		3E5B53592A7C8B8400CAAF3B /* Pretendard-Black.otf in Resources */ = {isa = PBXBuildFile; fileRef = 3E5B53502A7C8B8400CAAF3B /* Pretendard-Black.otf */; };
		3E5B535A2A7C8B8400CAAF3B /* Pretendard-ExtraBold.otf in Resources */ = {isa = PBXBuildFile; fileRef = 3E5B53512A7C8B8400CAAF3B /* Pretendard-ExtraBold.otf */; };
		3E7E0F5E2A7F8A97003C1869 /* DeviceSize.swift in Sources */ = {isa = PBXBuildFile; fileRef = 3E7E0F5D2A7F8A97003C1869 /* DeviceSize.swift */; };
/* End PBXBuildFile section */

/* Begin PBXFileReference section */
		3E5B53222A7BF15400CAAF3B /* Chulsseuk.app */ = {isa = PBXFileReference; explicitFileType = wrapper.application; includeInIndex = 0; path = Chulsseuk.app; sourceTree = BUILT_PRODUCTS_DIR; };
		3E5B53252A7BF15400CAAF3B /* ChulsseukApp.swift */ = {isa = PBXFileReference; lastKnownFileType = sourcecode.swift; path = ChulsseukApp.swift; sourceTree = "<group>"; };
		3E5B53272A7BF15400CAAF3B /* ContentView.swift */ = {isa = PBXFileReference; lastKnownFileType = sourcecode.swift; path = ContentView.swift; sourceTree = "<group>"; };
		3E5B53292A7BF15600CAAF3B /* Assets.xcassets */ = {isa = PBXFileReference; lastKnownFileType = folder.assetcatalog; path = Assets.xcassets; sourceTree = "<group>"; };
		3E5B532C2A7BF15600CAAF3B /* Preview Assets.xcassets */ = {isa = PBXFileReference; lastKnownFileType = folder.assetcatalog; path = "Preview Assets.xcassets"; sourceTree = "<group>"; };
		3E5B53352A7BFC7000CAAF3B /* MainView.swift */ = {isa = PBXFileReference; lastKnownFileType = sourcecode.swift; path = MainView.swift; sourceTree = "<group>"; };
		3E5B53372A7BFC7B00CAAF3B /* HeaderArea.swift */ = {isa = PBXFileReference; lastKnownFileType = sourcecode.swift; path = HeaderArea.swift; sourceTree = "<group>"; };
		3E5B53392A7BFC8500CAAF3B /* CardArea.swift */ = {isa = PBXFileReference; lastKnownFileType = sourcecode.swift; path = CardArea.swift; sourceTree = "<group>"; };
		3E5B533E2A7BFCDA00CAAF3B /* ChulsseukButton.swift */ = {isa = PBXFileReference; lastKnownFileType = sourcecode.swift; path = ChulsseukButton.swift; sourceTree = "<group>"; };
		3E5B53402A7BFF9500CAAF3B /* FightingArea.swift */ = {isa = PBXFileReference; lastKnownFileType = sourcecode.swift; path = FightingArea.swift; sourceTree = "<group>"; };
		3E5B53442A7C890300CAAF3B /* ColorExtension.swift */ = {isa = PBXFileReference; lastKnownFileType = sourcecode.swift; path = ColorExtension.swift; sourceTree = "<group>"; };
		3E5B53472A7C8B5C00CAAF3B /* FontExtension.swift */ = {isa = PBXFileReference; lastKnownFileType = sourcecode.swift; path = FontExtension.swift; sourceTree = "<group>"; };
		3E5B53492A7C8B8300CAAF3B /* Pretendard-ExtraLight.otf */ = {isa = PBXFileReference; lastKnownFileType = file; path = "Pretendard-ExtraLight.otf"; sourceTree = "<group>"; };
		3E5B534A2A7C8B8300CAAF3B /* Pretendard-Regular.otf */ = {isa = PBXFileReference; lastKnownFileType = file; path = "Pretendard-Regular.otf"; sourceTree = "<group>"; };
		3E5B534B2A7C8B8300CAAF3B /* Pretendard-Light.otf */ = {isa = PBXFileReference; lastKnownFileType = file; path = "Pretendard-Light.otf"; sourceTree = "<group>"; };
		3E5B534C2A7C8B8300CAAF3B /* Pretendard-Medium.otf */ = {isa = PBXFileReference; lastKnownFileType = file; path = "Pretendard-Medium.otf"; sourceTree = "<group>"; };
		3E5B534D2A7C8B8300CAAF3B /* Pretendard-Bold.otf */ = {isa = PBXFileReference; lastKnownFileType = file; path = "Pretendard-Bold.otf"; sourceTree = "<group>"; };
		3E5B534E2A7C8B8400CAAF3B /* Pretendard-SemiBold.otf */ = {isa = PBXFileReference; lastKnownFileType = file; path = "Pretendard-SemiBold.otf"; sourceTree = "<group>"; };
		3E5B534F2A7C8B8400CAAF3B /* Pretendard-Thin.otf */ = {isa = PBXFileReference; lastKnownFileType = file; path = "Pretendard-Thin.otf"; sourceTree = "<group>"; };
		3E5B53502A7C8B8400CAAF3B /* Pretendard-Black.otf */ = {isa = PBXFileReference; lastKnownFileType = file; path = "Pretendard-Black.otf"; sourceTree = "<group>"; };
		3E5B53512A7C8B8400CAAF3B /* Pretendard-ExtraBold.otf */ = {isa = PBXFileReference; lastKnownFileType = file; path = "Pretendard-ExtraBold.otf"; sourceTree = "<group>"; };
		3E5B535D2A7C907E00CAAF3B /* Info.plist */ = {isa = PBXFileReference; lastKnownFileType = text.plist; path = Info.plist; sourceTree = "<group>"; };
		3E7E0F5D2A7F8A97003C1869 /* DeviceSize.swift */ = {isa = PBXFileReference; lastKnownFileType = sourcecode.swift; path = DeviceSize.swift; sourceTree = "<group>"; };
/* End PBXFileReference section */

/* Begin PBXFrameworksBuildPhase section */
		3E5B531F2A7BF15400CAAF3B /* Frameworks */ = {
			isa = PBXFrameworksBuildPhase;
			buildActionMask = 2147483647;
			files = (
			);
			runOnlyForDeploymentPostprocessing = 0;
		};
/* End PBXFrameworksBuildPhase section */

/* Begin PBXGroup section */
		3E5B53192A7BF15400CAAF3B = {
			isa = PBXGroup;
			children = (
				3E5B53242A7BF15400CAAF3B /* Chulsseuk */,
				3E5B53232A7BF15400CAAF3B /* Products */,
			);
			sourceTree = "<group>";
		};
		3E5B53232A7BF15400CAAF3B /* Products */ = {
			isa = PBXGroup;
			children = (
				3E5B53222A7BF15400CAAF3B /* Chulsseuk.app */,
			);
			name = Products;
			sourceTree = "<group>";
		};
		3E5B53242A7BF15400CAAF3B /* Chulsseuk */ = {
			isa = PBXGroup;
			children = (
				3E5B535D2A7C907E00CAAF3B /* Info.plist */,
				3E5B53252A7BF15400CAAF3B /* ChulsseukApp.swift */,
				3E5B53272A7BF15400CAAF3B /* ContentView.swift */,
				3E5B53422A7C10D100CAAF3B /* MainView */,
				3E5B533D2A7BFC9600CAAF3B /* Component */,
				3E5B53462A7C8B3D00CAAF3B /* Assets */,
				3E5B53432A7C88E500CAAF3B /* Extensions */,
				3E5B53292A7BF15600CAAF3B /* Assets.xcassets */,
				3E5B53342A7BFBF000CAAF3B /* Helper */,
				3E5B532B2A7BF15600CAAF3B /* Preview Content */,
			);
			path = Chulsseuk;
			sourceTree = "<group>";
		};
		3E5B532B2A7BF15600CAAF3B /* Preview Content */ = {
			isa = PBXGroup;
			children = (
				3E5B532C2A7BF15600CAAF3B /* Preview Assets.xcassets */,
			);
			path = "Preview Content";
			sourceTree = "<group>";
		};
		3E5B53342A7BFBF000CAAF3B /* Helper */ = {
			isa = PBXGroup;
			children = (
			);
			path = Helper;
			sourceTree = "<group>";
		};
		3E5B533D2A7BFC9600CAAF3B /* Component */ = {
			isa = PBXGroup;
			children = (
				3E5B533E2A7BFCDA00CAAF3B /* ChulsseukButton.swift */,
			);
			path = Component;
			sourceTree = "<group>";
		};
		3E5B53422A7C10D100CAAF3B /* MainView */ = {
			isa = PBXGroup;
			children = (
				3E5B53352A7BFC7000CAAF3B /* MainView.swift */,
				3E5B53372A7BFC7B00CAAF3B /* HeaderArea.swift */,
				3E5B53402A7BFF9500CAAF3B /* FightingArea.swift */,
				3E5B53392A7BFC8500CAAF3B /* CardArea.swift */,
			);
			path = MainView;
			sourceTree = "<group>";
		};
		3E5B53432A7C88E500CAAF3B /* Extensions */ = {
			isa = PBXGroup;
			children = (
				3E5B53442A7C890300CAAF3B /* ColorExtension.swift */,
				3E7E0F5D2A7F8A97003C1869 /* DeviceSize.swift */,
			);
			path = Extensions;
			sourceTree = "<group>";
		};
		3E5B53462A7C8B3D00CAAF3B /* Assets */ = {
			isa = PBXGroup;
			children = (
				3E5B535B2A7C8B8700CAAF3B /* Fonts */,
			);
			path = Assets;
			sourceTree = "<group>";
		};
		3E5B535B2A7C8B8700CAAF3B /* Fonts */ = {
			isa = PBXGroup;
			children = (
				3E5B53472A7C8B5C00CAAF3B /* FontExtension.swift */,
				3E5B535C2A7C8B9000CAAF3B /* Pretendard */,
			);
			path = Fonts;
			sourceTree = "<group>";
		};
		3E5B535C2A7C8B9000CAAF3B /* Pretendard */ = {
			isa = PBXGroup;
			children = (
				3E5B53502A7C8B8400CAAF3B /* Pretendard-Black.otf */,
				3E5B534D2A7C8B8300CAAF3B /* Pretendard-Bold.otf */,
				3E5B53512A7C8B8400CAAF3B /* Pretendard-ExtraBold.otf */,
				3E5B53492A7C8B8300CAAF3B /* Pretendard-ExtraLight.otf */,
				3E5B534B2A7C8B8300CAAF3B /* Pretendard-Light.otf */,
				3E5B534C2A7C8B8300CAAF3B /* Pretendard-Medium.otf */,
				3E5B534A2A7C8B8300CAAF3B /* Pretendard-Regular.otf */,
				3E5B534E2A7C8B8400CAAF3B /* Pretendard-SemiBold.otf */,
				3E5B534F2A7C8B8400CAAF3B /* Pretendard-Thin.otf */,
			);
			path = Pretendard;
			sourceTree = "<group>";
		};
/* End PBXGroup section */

/* Begin PBXNativeTarget section */
		3E5B53212A7BF15400CAAF3B /* Chulsseuk */ = {
			isa = PBXNativeTarget;
			buildConfigurationList = 3E5B53302A7BF15600CAAF3B /* Build configuration list for PBXNativeTarget "Chulsseuk" */;
			buildPhases = (
				3E5B531E2A7BF15400CAAF3B /* Sources */,
				3E5B531F2A7BF15400CAAF3B /* Frameworks */,
				3E5B53202A7BF15400CAAF3B /* Resources */,
			);
			buildRules = (
			);
			dependencies = (
			);
			name = Chulsseuk;
			productName = Chulsseuk;
			productReference = 3E5B53222A7BF15400CAAF3B /* Chulsseuk.app */;
			productType = "com.apple.product-type.application";
		};
/* End PBXNativeTarget section */

/* Begin PBXProject section */
		3E5B531A2A7BF15400CAAF3B /* Project object */ = {
			isa = PBXProject;
			attributes = {
				BuildIndependentTargetsInParallel = 1;
				LastSwiftUpdateCheck = 1430;
				LastUpgradeCheck = 1430;
				TargetAttributes = {
					3E5B53212A7BF15400CAAF3B = {
						CreatedOnToolsVersion = 14.3.1;
					};
				};
			};
			buildConfigurationList = 3E5B531D2A7BF15400CAAF3B /* Build configuration list for PBXProject "Chulsseuk" */;
			compatibilityVersion = "Xcode 14.0";
			developmentRegion = en;
			hasScannedForEncodings = 0;
			knownRegions = (
				en,
				Base,
			);
			mainGroup = 3E5B53192A7BF15400CAAF3B;
			productRefGroup = 3E5B53232A7BF15400CAAF3B /* Products */;
			projectDirPath = "";
			projectRoot = "";
			targets = (
				3E5B53212A7BF15400CAAF3B /* Chulsseuk */,
			);
		};
/* End PBXProject section */

/* Begin PBXResourcesBuildPhase section */
		3E5B53202A7BF15400CAAF3B /* Resources */ = {
			isa = PBXResourcesBuildPhase;
			buildActionMask = 2147483647;
			files = (
				3E5B53522A7C8B8400CAAF3B /* Pretendard-ExtraLight.otf in Resources */,
				3E5B53532A7C8B8400CAAF3B /* Pretendard-Regular.otf in Resources */,
				3E5B53562A7C8B8400CAAF3B /* Pretendard-Bold.otf in Resources */,
				3E5B53582A7C8B8400CAAF3B /* Pretendard-Thin.otf in Resources */,
				3E5B53592A7C8B8400CAAF3B /* Pretendard-Black.otf in Resources */,
				3E5B53572A7C8B8400CAAF3B /* Pretendard-SemiBold.otf in Resources */,
				3E5B535A2A7C8B8400CAAF3B /* Pretendard-ExtraBold.otf in Resources */,
				3E5B532D2A7BF15600CAAF3B /* Preview Assets.xcassets in Resources */,
				3E5B53542A7C8B8400CAAF3B /* Pretendard-Light.otf in Resources */,
				3E5B532A2A7BF15600CAAF3B /* Assets.xcassets in Resources */,
				3E5B53552A7C8B8400CAAF3B /* Pretendard-Medium.otf in Resources */,
			);
			runOnlyForDeploymentPostprocessing = 0;
		};
/* End PBXResourcesBuildPhase section */

/* Begin PBXSourcesBuildPhase section */
		3E5B531E2A7BF15400CAAF3B /* Sources */ = {
			isa = PBXSourcesBuildPhase;
			buildActionMask = 2147483647;
			files = (
				3E5B53482A7C8B5C00CAAF3B /* FontExtension.swift in Sources */,
				3E5B533F2A7BFCDA00CAAF3B /* ChulsseukButton.swift in Sources */,
				3E5B53282A7BF15400CAAF3B /* ContentView.swift in Sources */,
				3E5B53452A7C890300CAAF3B /* ColorExtension.swift in Sources */,
				3E5B53382A7BFC7B00CAAF3B /* HeaderArea.swift in Sources */,
				3E5B533A2A7BFC8500CAAF3B /* CardArea.swift in Sources */,
				3E5B53362A7BFC7000CAAF3B /* MainView.swift in Sources */,
				3E5B53412A7BFF9500CAAF3B /* FightingArea.swift in Sources */,
				3E7E0F5E2A7F8A97003C1869 /* DeviceSize.swift in Sources */,
				3E5B53262A7BF15400CAAF3B /* ChulsseukApp.swift in Sources */,
			);
			runOnlyForDeploymentPostprocessing = 0;
		};
/* End PBXSourcesBuildPhase section */

/* Begin XCBuildConfiguration section */
		3E5B532E2A7BF15600CAAF3B /* Debug */ = {
			isa = XCBuildConfiguration;
			buildSettings = {
				ALWAYS_SEARCH_USER_PATHS = NO;
				CLANG_ANALYZER_NONNULL = YES;
				CLANG_ANALYZER_NUMBER_OBJECT_CONVERSION = YES_AGGRESSIVE;
				CLANG_CXX_LANGUAGE_STANDARD = "gnu++20";
				CLANG_ENABLE_MODULES = YES;
				CLANG_ENABLE_OBJC_ARC = YES;
				CLANG_ENABLE_OBJC_WEAK = YES;
				CLANG_WARN_BLOCK_CAPTURE_AUTORELEASING = YES;
				CLANG_WARN_BOOL_CONVERSION = YES;
				CLANG_WARN_COMMA = YES;
				CLANG_WARN_CONSTANT_CONVERSION = YES;
				CLANG_WARN_DEPRECATED_OBJC_IMPLEMENTATIONS = YES;
				CLANG_WARN_DIRECT_OBJC_ISA_USAGE = YES_ERROR;
				CLANG_WARN_DOCUMENTATION_COMMENTS = YES;
				CLANG_WARN_EMPTY_BODY = YES;
				CLANG_WARN_ENUM_CONVERSION = YES;
				CLANG_WARN_INFINITE_RECURSION = YES;
				CLANG_WARN_INT_CONVERSION = YES;
				CLANG_WARN_NON_LITERAL_NULL_CONVERSION = YES;
				CLANG_WARN_OBJC_IMPLICIT_RETAIN_SELF = YES;
				CLANG_WARN_OBJC_LITERAL_CONVERSION = YES;
				CLANG_WARN_OBJC_ROOT_CLASS = YES_ERROR;
				CLANG_WARN_QUOTED_INCLUDE_IN_FRAMEWORK_HEADER = YES;
				CLANG_WARN_RANGE_LOOP_ANALYSIS = YES;
				CLANG_WARN_STRICT_PROTOTYPES = YES;
				CLANG_WARN_SUSPICIOUS_MOVE = YES;
				CLANG_WARN_UNGUARDED_AVAILABILITY = YES_AGGRESSIVE;
				CLANG_WARN_UNREACHABLE_CODE = YES;
				CLANG_WARN__DUPLICATE_METHOD_MATCH = YES;
				COPY_PHASE_STRIP = NO;
				DEBUG_INFORMATION_FORMAT = dwarf;
				ENABLE_STRICT_OBJC_MSGSEND = YES;
				ENABLE_TESTABILITY = YES;
				GCC_C_LANGUAGE_STANDARD = gnu11;
				GCC_DYNAMIC_NO_PIC = NO;
				GCC_NO_COMMON_BLOCKS = YES;
				GCC_OPTIMIZATION_LEVEL = 0;
				GCC_PREPROCESSOR_DEFINITIONS = (
					"DEBUG=1",
					"$(inherited)",
				);
				GCC_WARN_64_TO_32_BIT_CONVERSION = YES;
				GCC_WARN_ABOUT_RETURN_TYPE = YES_ERROR;
				GCC_WARN_UNDECLARED_SELECTOR = YES;
				GCC_WARN_UNINITIALIZED_AUTOS = YES_AGGRESSIVE;
				GCC_WARN_UNUSED_FUNCTION = YES;
				GCC_WARN_UNUSED_VARIABLE = YES;
				IPHONEOS_DEPLOYMENT_TARGET = 16.4;
				MTL_ENABLE_DEBUG_INFO = INCLUDE_SOURCE;
				MTL_FAST_MATH = YES;
				ONLY_ACTIVE_ARCH = YES;
				SDKROOT = iphoneos;
				SWIFT_ACTIVE_COMPILATION_CONDITIONS = DEBUG;
				SWIFT_OPTIMIZATION_LEVEL = "-Onone";
			};
			name = Debug;
		};
		3E5B532F2A7BF15600CAAF3B /* Release */ = {
			isa = XCBuildConfiguration;
			buildSettings = {
				ALWAYS_SEARCH_USER_PATHS = NO;
				CLANG_ANALYZER_NONNULL = YES;
				CLANG_ANALYZER_NUMBER_OBJECT_CONVERSION = YES_AGGRESSIVE;
				CLANG_CXX_LANGUAGE_STANDARD = "gnu++20";
				CLANG_ENABLE_MODULES = YES;
				CLANG_ENABLE_OBJC_ARC = YES;
				CLANG_ENABLE_OBJC_WEAK = YES;
				CLANG_WARN_BLOCK_CAPTURE_AUTORELEASING = YES;
				CLANG_WARN_BOOL_CONVERSION = YES;
				CLANG_WARN_COMMA = YES;
				CLANG_WARN_CONSTANT_CONVERSION = YES;
				CLANG_WARN_DEPRECATED_OBJC_IMPLEMENTATIONS = YES;
				CLANG_WARN_DIRECT_OBJC_ISA_USAGE = YES_ERROR;
				CLANG_WARN_DOCUMENTATION_COMMENTS = YES;
				CLANG_WARN_EMPTY_BODY = YES;
				CLANG_WARN_ENUM_CONVERSION = YES;
				CLANG_WARN_INFINITE_RECURSION = YES;
				CLANG_WARN_INT_CONVERSION = YES;
				CLANG_WARN_NON_LITERAL_NULL_CONVERSION = YES;
				CLANG_WARN_OBJC_IMPLICIT_RETAIN_SELF = YES;
				CLANG_WARN_OBJC_LITERAL_CONVERSION = YES;
				CLANG_WARN_OBJC_ROOT_CLASS = YES_ERROR;
				CLANG_WARN_QUOTED_INCLUDE_IN_FRAMEWORK_HEADER = YES;
				CLANG_WARN_RANGE_LOOP_ANALYSIS = YES;
				CLANG_WARN_STRICT_PROTOTYPES = YES;
				CLANG_WARN_SUSPICIOUS_MOVE = YES;
				CLANG_WARN_UNGUARDED_AVAILABILITY = YES_AGGRESSIVE;
				CLANG_WARN_UNREACHABLE_CODE = YES;
				CLANG_WARN__DUPLICATE_METHOD_MATCH = YES;
				COPY_PHASE_STRIP = NO;
				DEBUG_INFORMATION_FORMAT = "dwarf-with-dsym";
				ENABLE_NS_ASSERTIONS = NO;
				ENABLE_STRICT_OBJC_MSGSEND = YES;
				GCC_C_LANGUAGE_STANDARD = gnu11;
				GCC_NO_COMMON_BLOCKS = YES;
				GCC_WARN_64_TO_32_BIT_CONVERSION = YES;
				GCC_WARN_ABOUT_RETURN_TYPE = YES_ERROR;
				GCC_WARN_UNDECLARED_SELECTOR = YES;
				GCC_WARN_UNINITIALIZED_AUTOS = YES_AGGRESSIVE;
				GCC_WARN_UNUSED_FUNCTION = YES;
				GCC_WARN_UNUSED_VARIABLE = YES;
				IPHONEOS_DEPLOYMENT_TARGET = 16.4;
				MTL_ENABLE_DEBUG_INFO = NO;
				MTL_FAST_MATH = YES;
				SDKROOT = iphoneos;
				SWIFT_COMPILATION_MODE = wholemodule;
				SWIFT_OPTIMIZATION_LEVEL = "-O";
				VALIDATE_PRODUCT = YES;
			};
			name = Release;
		};
		3E5B53312A7BF15600CAAF3B /* Debug */ = {
			isa = XCBuildConfiguration;
			buildSettings = {
				ASSETCATALOG_COMPILER_APPICON_NAME = AppIcon;
				ASSETCATALOG_COMPILER_GLOBAL_ACCENT_COLOR_NAME = AccentColor;
				CODE_SIGN_STYLE = Automatic;
				CURRENT_PROJECT_VERSION = 1;
				DEVELOPMENT_ASSET_PATHS = "\"Chulsseuk/Preview Content\"";
				DEVELOPMENT_TEAM = GZMCL5Q7N2;
				ENABLE_PREVIEWS = YES;
				GENERATE_INFOPLIST_FILE = YES;
				INFOPLIST_FILE = Chulsseuk/Info.plist;
				INFOPLIST_KEY_UIApplicationSceneManifest_Generation = YES;
				INFOPLIST_KEY_UIApplicationSupportsIndirectInputEvents = YES;
				INFOPLIST_KEY_UILaunchScreen_Generation = YES;
				INFOPLIST_KEY_UISupportedInterfaceOrientations_iPad = "UIInterfaceOrientationPortrait UIInterfaceOrientationPortraitUpsideDown UIInterfaceOrientationLandscapeLeft UIInterfaceOrientationLandscapeRight";
				INFOPLIST_KEY_UISupportedInterfaceOrientations_iPhone = "UIInterfaceOrientationPortrait UIInterfaceOrientationLandscapeLeft UIInterfaceOrientationLandscapeRight";
				LD_RUNPATH_SEARCH_PATHS = (
					"$(inherited)",
					"@executable_path/Frameworks",
				);
				MARKETING_VERSION = 1.0;
				PRODUCT_BUNDLE_IDENTIFIER = com.bokyung.Chulsseuk;
				PRODUCT_NAME = "$(TARGET_NAME)";
				SWIFT_EMIT_LOC_STRINGS = YES;
				SWIFT_VERSION = 5.0;
				TARGETED_DEVICE_FAMILY = "1,2";
			};
			name = Debug;
		};
		3E5B53322A7BF15600CAAF3B /* Release */ = {
			isa = XCBuildConfiguration;
			buildSettings = {
				ASSETCATALOG_COMPILER_APPICON_NAME = AppIcon;
				ASSETCATALOG_COMPILER_GLOBAL_ACCENT_COLOR_NAME = AccentColor;
				CODE_SIGN_STYLE = Automatic;
				CURRENT_PROJECT_VERSION = 1;
				DEVELOPMENT_ASSET_PATHS = "\"Chulsseuk/Preview Content\"";
				DEVELOPMENT_TEAM = GZMCL5Q7N2;
				ENABLE_PREVIEWS = YES;
				GENERATE_INFOPLIST_FILE = YES;
				INFOPLIST_FILE = Chulsseuk/Info.plist;
				INFOPLIST_KEY_UIApplicationSceneManifest_Generation = YES;
				INFOPLIST_KEY_UIApplicationSupportsIndirectInputEvents = YES;
				INFOPLIST_KEY_UILaunchScreen_Generation = YES;
				INFOPLIST_KEY_UISupportedInterfaceOrientations_iPad = "UIInterfaceOrientationPortrait UIInterfaceOrientationPortraitUpsideDown UIInterfaceOrientationLandscapeLeft UIInterfaceOrientationLandscapeRight";
				INFOPLIST_KEY_UISupportedInterfaceOrientations_iPhone = "UIInterfaceOrientationPortrait UIInterfaceOrientationLandscapeLeft UIInterfaceOrientationLandscapeRight";
				LD_RUNPATH_SEARCH_PATHS = (
					"$(inherited)",
					"@executable_path/Frameworks",
				);
				MARKETING_VERSION = 1.0;
				PRODUCT_BUNDLE_IDENTIFIER = com.bokyung.Chulsseuk;
				PRODUCT_NAME = "$(TARGET_NAME)";
				SWIFT_EMIT_LOC_STRINGS = YES;
				SWIFT_VERSION = 5.0;
				TARGETED_DEVICE_FAMILY = "1,2";
			};
			name = Release;
		};
/* End XCBuildConfiguration section */

/* Begin XCConfigurationList section */
		3E5B531D2A7BF15400CAAF3B /* Build configuration list for PBXProject "Chulsseuk" */ = {
			isa = XCConfigurationList;
			buildConfigurations = (
				3E5B532E2A7BF15600CAAF3B /* Debug */,
				3E5B532F2A7BF15600CAAF3B /* Release */,
			);
			defaultConfigurationIsVisible = 0;
			defaultConfigurationName = Release;
		};
		3E5B53302A7BF15600CAAF3B /* Build configuration list for PBXNativeTarget "Chulsseuk" */ = {
			isa = XCConfigurationList;
			buildConfigurations = (
				3E5B53312A7BF15600CAAF3B /* Debug */,
				3E5B53322A7BF15600CAAF3B /* Release */,
			);
			defaultConfigurationIsVisible = 0;
			defaultConfigurationName = Release;
		};
/* End XCConfigurationList section */
	};
	rootObject = 3E5B531A2A7BF15400CAAF3B /* Project object */;
}
